
Microsoft Visual Studio Solution File, Format Version 12.00
# Visual Studio Version 17
VisualStudioVersion = 17.8.34330.188
MinimumVisualStudioVersion = 10.0.40219.1
Project("{FAE04EC0-301F-11D3-BF4B-00C04F79EFBC}") = "AuctionService", "src\AuctionService\AuctionService.csproj", "{8420862C-6E01-484C-ADAD-80D0B4683B48}"
EndProject
Global
	GlobalSection(SolutionConfigurationPlatforms) = preSolution
		Debug|Any CPU = Debug|Any CPU
		Release|Any CPU = Release|Any CPU
	EndGlobalSection
	GlobalSection(ProjectConfigurationPlatforms) = postSolution
		{8420862C-6E01-484C-ADAD-80D0B4683B48}.Debug|Any CPU.ActiveCfg = Debug|Any CPU
		{8420862C-6E01-484C-ADAD-80D0B4683B48}.Debug|Any CPU.Build.0 = Debug|Any CPU
		{8420862C-6E01-484C-ADAD-80D0B4683B48}.Release|Any CPU.ActiveCfg = Release|Any CPU
		{8420862C-6E01-484C-ADAD-80D0B4683B48}.Release|Any CPU.Build.0 = Release|Any CPU
	EndGlobalSection
	GlobalSection(SolutionProperties) = preSolution
		HideSolutionNode = FALSE
	EndGlobalSection
	GlobalSection(ExtensibilityGlobals) = postSolution
		SolutionGuid = {8C679494-1247-4FC7-9282-3B7B631CB340}
	EndGlobalSection
EndGlobal
